// !$*UTF8*$!
{
	archiveVersion = 1;
	classes = {
	};
	objectVersion = 50;
	objects = {

/* Begin PBXBuildFile section */
		3C7AF6724F93EF00302AE150 /* Pods_PatternProject.framework in Frameworks */ = {isa = PBXBuildFile; fileRef = 30051572F39A2261EF271CE2 /* Pods_PatternProject.framework */; };
		4230D60A219E176300DCAE37 /* AppDelegate.swift in Sources */ = {isa = PBXBuildFile; fileRef = 4230D609219E176300DCAE37 /* AppDelegate.swift */; };
		4230D60C219E176300DCAE37 /* ViewController.swift in Sources */ = {isa = PBXBuildFile; fileRef = 4230D60B219E176300DCAE37 /* ViewController.swift */; };
		4230D60F219E176300DCAE37 /* Main.storyboard in Resources */ = {isa = PBXBuildFile; fileRef = 4230D60D219E176300DCAE37 /* Main.storyboard */; };
		4230D611219E176400DCAE37 /* Assets.xcassets in Resources */ = {isa = PBXBuildFile; fileRef = 4230D610219E176400DCAE37 /* Assets.xcassets */; };
		4230D614219E176400DCAE37 /* LaunchScreen.storyboard in Resources */ = {isa = PBXBuildFile; fileRef = 4230D612219E176400DCAE37 /* LaunchScreen.storyboard */; };
		4274D78C219F602C00780FE7 /* PatternBank.swift in Sources */ = {isa = PBXBuildFile; fileRef = 4274D78B219F602C00780FE7 /* PatternBank.swift */; };
		42F89B5E219E195800133EB9 /* Pattern.swift in Sources */ = {isa = PBXBuildFile; fileRef = 42F89B5D219E195800133EB9 /* Pattern.swift */; };
/* End PBXBuildFile section */

/* Begin PBXFileReference section */
		30051572F39A2261EF271CE2 /* Pods_PatternProject.framework */ = {isa = PBXFileReference; explicitFileType = wrapper.framework; includeInIndex = 0; path = Pods_PatternProject.framework; sourceTree = BUILT_PRODUCTS_DIR; };
		31EFB082C6893CD5EDB757E9 /* Pods-PatternProject.release.xcconfig */ = {isa = PBXFileReference; includeInIndex = 1; lastKnownFileType = text.xcconfig; name = "Pods-PatternProject.release.xcconfig"; path = "Pods/Target Support Files/Pods-PatternProject/Pods-PatternProject.release.xcconfig"; sourceTree = "<group>"; };
		4230D606219E176300DCAE37 /* PatternProject.app */ = {isa = PBXFileReference; explicitFileType = wrapper.application; includeInIndex = 0; path = PatternProject.app; sourceTree = BUILT_PRODUCTS_DIR; };
		4230D609219E176300DCAE37 /* AppDelegate.swift */ = {isa = PBXFileReference; lastKnownFileType = sourcecode.swift; path = AppDelegate.swift; sourceTree = "<group>"; };
		4230D60B219E176300DCAE37 /* ViewController.swift */ = {isa = PBXFileReference; lastKnownFileType = sourcecode.swift; path = ViewController.swift; sourceTree = "<group>"; };
		4230D60E219E176300DCAE37 /* Base */ = {isa = PBXFileReference; lastKnownFileType = file.storyboard; name = Base; path = Base.lproj/Main.storyboard; sourceTree = "<group>"; };
		4230D610219E176400DCAE37 /* Assets.xcassets */ = {isa = PBXFileReference; lastKnownFileType = folder.assetcatalog; path = Assets.xcassets; sourceTree = "<group>"; };
		4230D613219E176400DCAE37 /* Base */ = {isa = PBXFileReference; lastKnownFileType = file.storyboard; name = Base; path = Base.lproj/LaunchScreen.storyboard; sourceTree = "<group>"; };
		4230D615219E176400DCAE37 /* Info.plist */ = {isa = PBXFileReference; lastKnownFileType = text.plist.xml; path = Info.plist; sourceTree = "<group>"; };
		4274D78B219F602C00780FE7 /* PatternBank.swift */ = {isa = PBXFileReference; lastKnownFileType = sourcecode.swift; path = PatternBank.swift; sourceTree = "<group>"; };
		42F89B5D219E195800133EB9 /* Pattern.swift */ = {isa = PBXFileReference; lastKnownFileType = sourcecode.swift; path = Pattern.swift; sourceTree = "<group>"; };
		6035D890D2B15D6BA4D3BAAC /* Pods-PatternProject.debug.xcconfig */ = {isa = PBXFileReference; includeInIndex = 1; lastKnownFileType = text.xcconfig; name = "Pods-PatternProject.debug.xcconfig"; path = "Pods/Target Support Files/Pods-PatternProject/Pods-PatternProject.debug.xcconfig"; sourceTree = "<group>"; };
/* End PBXFileReference section */

/* Begin PBXFrameworksBuildPhase section */
		4230D603219E176300DCAE37 /* Frameworks */ = {
			isa = PBXFrameworksBuildPhase;
			buildActionMask = 2147483647;
			files = (
				3C7AF6724F93EF00302AE150 /* Pods_PatternProject.framework in Frameworks */,
			);
			runOnlyForDeploymentPostprocessing = 0;
		};
/* End PBXFrameworksBuildPhase section */

/* Begin PBXGroup section */
		4230D5FD219E176300DCAE37 = {
			isa = PBXGroup;
			children = (
				4230D608219E176300DCAE37 /* PatternProject */,
				4230D607219E176300DCAE37 /* Products */,
				53B84094F513ADE99B7632CB /* Pods */,
				AF7B37BA3D58A3369D333AA9 /* Frameworks */,
			);
			sourceTree = "<group>";
		};
		4230D607219E176300DCAE37 /* Products */ = {
			isa = PBXGroup;
			children = (
				4230D606219E176300DCAE37 /* PatternProject.app */,
			);
			name = Products;
			sourceTree = "<group>";
		};
		4230D608219E176300DCAE37 /* PatternProject */ = {
			isa = PBXGroup;
			children = (
				4230D609219E176300DCAE37 /* AppDelegate.swift */,
				4230D60B219E176300DCAE37 /* ViewController.swift */,
				4230D60D219E176300DCAE37 /* Main.storyboard */,
				42F89B5D219E195800133EB9 /* Pattern.swift */,
				4274D78B219F602C00780FE7 /* PatternBank.swift */,
				4230D610219E176400DCAE37 /* Assets.xcassets */,
				4230D612219E176400DCAE37 /* LaunchScreen.storyboard */,
				4230D615219E176400DCAE37 /* Info.plist */,
			);
			path = PatternProject;
			sourceTree = "<group>";
		};
		53B84094F513ADE99B7632CB /* Pods */ = {
			isa = PBXGroup;
			children = (
				6035D890D2B15D6BA4D3BAAC /* Pods-PatternProject.debug.xcconfig */,
				31EFB082C6893CD5EDB757E9 /* Pods-PatternProject.release.xcconfig */,
			);
			name = Pods;
			sourceTree = "<group>";
		};
		AF7B37BA3D58A3369D333AA9 /* Frameworks */ = {
			isa = PBXGroup;
			children = (
				30051572F39A2261EF271CE2 /* Pods_PatternProject.framework */,
			);
			name = Frameworks;
			sourceTree = "<group>";
		};
/* End PBXGroup section */

/* Begin PBXNativeTarget section */
		4230D605219E176300DCAE37 /* PatternProject */ = {
			isa = PBXNativeTarget;
			buildConfigurationList = 4230D618219E176400DCAE37 /* Build configuration list for PBXNativeTarget "PatternProject" */;
			buildPhases = (
				A2269D6B3B06F7FAFA43475F /* [CP] Check Pods Manifest.lock */,
				4230D602219E176300DCAE37 /* Sources */,
				4230D603219E176300DCAE37 /* Frameworks */,
				4230D604219E176300DCAE37 /* Resources */,
				C69ED65C0432C32A0442B113 /* [CP] Embed Pods Frameworks */,
			);
			buildRules = (
			);
			dependencies = (
			);
			name = PatternProject;
			productName = PatternProject;
			productReference = 4230D606219E176300DCAE37 /* PatternProject.app */;
			productType = "com.apple.product-type.application";
		};
/* End PBXNativeTarget section */

/* Begin PBXProject section */
		4230D5FE219E176300DCAE37 /* Project object */ = {
			isa = PBXProject;
			attributes = {
				LastSwiftUpdateCheck = 1000;
				LastUpgradeCheck = 1000;
				ORGANIZATIONNAME = "Kyla Vidallo";
				TargetAttributes = {
					4230D605219E176300DCAE37 = {
						CreatedOnToolsVersion = 10.0;
					};
				};
			};
			buildConfigurationList = 4230D601219E176300DCAE37 /* Build configuration list for PBXProject "PatternProject" */;
			compatibilityVersion = "Xcode 9.3";
			developmentRegion = en;
			hasScannedForEncodings = 0;
			knownRegions = (
				en,
				Base,
			);
			mainGroup = 4230D5FD219E176300DCAE37;
			productRefGroup = 4230D607219E176300DCAE37 /* Products */;
			projectDirPath = "";
			projectRoot = "";
			targets = (
				4230D605219E176300DCAE37 /* PatternProject */,
			);
		};
/* End PBXProject section */

/* Begin PBXResourcesBuildPhase section */
		4230D604219E176300DCAE37 /* Resources */ = {
			isa = PBXResourcesBuildPhase;
			buildActionMask = 2147483647;
			files = (
				4230D614219E176400DCAE37 /* LaunchScreen.storyboard in Resources */,
				4230D611219E176400DCAE37 /* Assets.xcassets in Resources */,
				4230D60F219E176300DCAE37 /* Main.storyboard in Resources */,
			);
			runOnlyForDeploymentPostprocessing = 0;
		};
/* End PBXResourcesBuildPhase section */

/* Begin PBXShellScriptBuildPhase section */
		A2269D6B3B06F7FAFA43475F /* [CP] Check Pods Manifest.lock */ = {
			isa = PBXShellScriptBuildPhase;
			buildActionMask = 2147483647;
			files = (
			);
			inputFileListPaths = (
			);
			inputPaths = (
				"${PODS_PODFILE_DIR_PATH}/Podfile.lock",
				"${PODS_ROOT}/Manifest.lock",
			);
			name = "[CP] Check Pods Manifest.lock";
			outputFileListPaths = (
			);
			outputPaths = (
				"$(DERIVED_FILE_DIR)/Pods-PatternProject-checkManifestLockResult.txt",
			);
			runOnlyForDeploymentPostprocessing = 0;
			shellPath = /bin/sh;
			shellScript = "diff \"${PODS_PODFILE_DIR_PATH}/Podfile.lock\" \"${PODS_ROOT}/Manifest.lock\" > /dev/null\nif [ $? != 0 ] ; then\n    # print error to STDERR\n    echo \"error: The sandbox is not in sync with the Podfile.lock. Run 'pod install' or update your CocoaPods installation.\" >&2\n    exit 1\nfi\n# This output is used by Xcode 'outputs' to avoid re-running this script phase.\necho \"SUCCESS\" > \"${SCRIPT_OUTPUT_FILE_0}\"\n";
			showEnvVarsInLog = 0;
		};
		C69ED65C0432C32A0442B113 /* [CP] Embed Pods Frameworks */ = {
			isa = PBXShellScriptBuildPhase;
			buildActionMask = 2147483647;
			files = (
			);
			inputFileListPaths = (
			);
			inputPaths = (
				"${SRCROOT}/Pods/Target Support Files/Pods-PatternProject/Pods-PatternProject-frameworks.sh",
				"${BUILT_PRODUCTS_DIR}/Phidget22Swift/Phidget22Swift.framework",
			);
			name = "[CP] Embed Pods Frameworks";
			outputFileListPaths = (
			);
			outputPaths = (
				"${TARGET_BUILD_DIR}/${FRAMEWORKS_FOLDER_PATH}/Phidget22Swift.framework",
			);
			runOnlyForDeploymentPostprocessing = 0;
			shellPath = /bin/sh;
			shellScript = "\"${SRCROOT}/Pods/Target Support Files/Pods-PatternProject/Pods-PatternProject-frameworks.sh\"\n";
			showEnvVarsInLog = 0;
		};
/* End PBXShellScriptBuildPhase section */

/* Begin PBXSourcesBuildPhase section */
		4230D602219E176300DCAE37 /* Sources */ = {
			isa = PBXSourcesBuildPhase;
			buildActionMask = 2147483647;
			files = (
				42F89B5E219E195800133EB9 /* Pattern.swift in Sources */,
				4230D60C219E176300DCAE37 /* ViewController.swift in Sources */,
				4274D78C219F602C00780FE7 /* PatternBank.swift in Sources */,
				4230D60A219E176300DCAE37 /* AppDelegate.swift in Sources */,
			);
			runOnlyForDeploymentPostprocessing = 0;
		};
/* End PBXSourcesBuildPhase section */

/* Begin PBXVariantGroup section */
		4230D60D219E176300DCAE37 /* Main.storyboard */ = {
			isa = PBXVariantGroup;
			children = (
				4230D60E219E176300DCAE37 /* Base */,
			);
			name = Main.storyboard;
			sourceTree = "<group>";
		};
		4230D612219E176400DCAE37 /* LaunchScreen.storyboard */ = {
			isa = PBXVariantGroup;
			children = (
				4230D613219E176400DCAE37 /* Base */,
			);
			name = LaunchScreen.storyboard;
			sourceTree = "<group>";
		};
/* End PBXVariantGroup section */

/* Begin XCBuildConfiguration section */
		4230D616219E176400DCAE37 /* Debug */ = {
			isa = XCBuildConfiguration;
			buildSettings = {
				ALWAYS_SEARCH_USER_PATHS = NO;
				CLANG_ANALYZER_NONNULL = YES;
				CLANG_ANALYZER_NUMBER_OBJECT_CONVERSION = YES_AGGRESSIVE;
				CLANG_CXX_LANGUAGE_STANDARD = "gnu++14";
				CLANG_CXX_LIBRARY = "libc++";
				CLANG_ENABLE_MODULES = YES;
				CLANG_ENABLE_OBJC_ARC = YES;
				CLANG_ENABLE_OBJC_WEAK = YES;
				CLANG_WARN_BLOCK_CAPTURE_AUTORELEASING = YES;
				CLANG_WARN_BOOL_CONVERSION = YES;
				CLANG_WARN_COMMA = YES;
				CLANG_WARN_CONSTANT_CONVERSION = YES;
				CLANG_WARN_DEPRECATED_OBJC_IMPLEMENTATIONS = YES;
				CLANG_WARN_DIRECT_OBJC_ISA_USAGE = YES_ERROR;
				CLANG_WARN_DOCUMENTATION_COMMENTS = YES;
				CLANG_WARN_EMPTY_BODY = YES;
				CLANG_WARN_ENUM_CONVERSION = YES;
				CLANG_WARN_INFINITE_RECURSION = YES;
				CLANG_WARN_INT_CONVERSION = YES;
				CLANG_WARN_NON_LITERAL_NULL_CONVERSION = YES;
				CLANG_WARN_OBJC_IMPLICIT_RETAIN_SELF = YES;
				CLANG_WARN_OBJC_LITERAL_CONVERSION = YES;
				CLANG_WARN_OBJC_ROOT_CLASS = YES_ERROR;
				CLANG_WARN_RANGE_LOOP_ANALYSIS = YES;
				CLANG_WARN_STRICT_PROTOTYPES = YES;
				CLANG_WARN_SUSPICIOUS_MOVE = YES;
				CLANG_WARN_UNGUARDED_AVAILABILITY = YES_AGGRESSIVE;
				CLANG_WARN_UNREACHABLE_CODE = YES;
				CLANG_WARN__DUPLICATE_METHOD_MATCH = YES;
				CODE_SIGN_IDENTITY = "iPhone Developer";
				COPY_PHASE_STRIP = NO;
				DEBUG_INFORMATION_FORMAT = dwarf;
				ENABLE_STRICT_OBJC_MSGSEND = YES;
				ENABLE_TESTABILITY = YES;
				GCC_C_LANGUAGE_STANDARD = gnu11;
				GCC_DYNAMIC_NO_PIC = NO;
				GCC_NO_COMMON_BLOCKS = YES;
				GCC_OPTIMIZATION_LEVEL = 0;
				GCC_PREPROCESSOR_DEFINITIONS = (
					"DEBUG=1",
					"$(inherited)",
				);
				GCC_WARN_64_TO_32_BIT_CONVERSION = YES;
				GCC_WARN_ABOUT_RETURN_TYPE = YES_ERROR;
				GCC_WARN_UNDECLARED_SELECTOR = YES;
				GCC_WARN_UNINITIALIZED_AUTOS = YES_AGGRESSIVE;
				GCC_WARN_UNUSED_FUNCTION = YES;
				GCC_WARN_UNUSED_VARIABLE = YES;
				IPHONEOS_DEPLOYMENT_TARGET = 12.0;
				MTL_ENABLE_DEBUG_INFO = INCLUDE_SOURCE;
				MTL_FAST_MATH = YES;
				ONLY_ACTIVE_ARCH = YES;
				SDKROOT = iphoneos;
				SWIFT_ACTIVE_COMPILATION_CONDITIONS = DEBUG;
				SWIFT_OPTIMIZATION_LEVEL = "-Onone";
			};
			name = Debug;
		};
		4230D617219E176400DCAE37 /* Release */ = {
			isa = XCBuildConfiguration;
			buildSettings = {
				ALWAYS_SEARCH_USER_PATHS = NO;
				CLANG_ANALYZER_NONNULL = YES;
				CLANG_ANALYZER_NUMBER_OBJECT_CONVERSION = YES_AGGRESSIVE;
				CLANG_CXX_LANGUAGE_STANDARD = "gnu++14";
				CLANG_CXX_LIBRARY = "libc++";
				CLANG_ENABLE_MODULES = YES;
				CLANG_ENABLE_OBJC_ARC = YES;
				CLANG_ENABLE_OBJC_WEAK = YES;
				CLANG_WARN_BLOCK_CAPTURE_AUTORELEASING = YES;
				CLANG_WARN_BOOL_CONVERSION = YES;
				CLANG_WARN_COMMA = YES;
				CLANG_WARN_CONSTANT_CONVERSION = YES;
				CLANG_WARN_DEPRECATED_OBJC_IMPLEMENTATIONS = YES;
				CLANG_WARN_DIRECT_OBJC_ISA_USAGE = YES_ERROR;
				CLANG_WARN_DOCUMENTATION_COMMENTS = YES;
				CLANG_WARN_EMPTY_BODY = YES;
				CLANG_WARN_ENUM_CONVERSION = YES;
				CLANG_WARN_INFINITE_RECURSION = YES;
				CLANG_WARN_INT_CONVERSION = YES;
				CLANG_WARN_NON_LITERAL_NULL_CONVERSION = YES;
				CLANG_WARN_OBJC_IMPLICIT_RETAIN_SELF = YES;
				CLANG_WARN_OBJC_LITERAL_CONVERSION = YES;
				CLANG_WARN_OBJC_ROOT_CLASS = YES_ERROR;
				CLANG_WARN_RANGE_LOOP_ANALYSIS = YES;
				CLANG_WARN_STRICT_PROTOTYPES = YES;
				CLANG_WARN_SUSPICIOUS_MOVE = YES;
				CLANG_WARN_UNGUARDED_AVAILABILITY = YES_AGGRESSIVE;
				CLANG_WARN_UNREACHABLE_CODE = YES;
				CLANG_WARN__DUPLICATE_METHOD_MATCH = YES;
				CODE_SIGN_IDENTITY = "iPhone Developer";
				COPY_PHASE_STRIP = NO;
				DEBUG_INFORMATION_FORMAT = "dwarf-with-dsym";
				ENABLE_NS_ASSERTIONS = NO;
				ENABLE_STRICT_OBJC_MSGSEND = YES;
				GCC_C_LANGUAGE_STANDARD = gnu11;
				GCC_NO_COMMON_BLOCKS = YES;
				GCC_WARN_64_TO_32_BIT_CONVERSION = YES;
				GCC_WARN_ABOUT_RETURN_TYPE = YES_ERROR;
				GCC_WARN_UNDECLARED_SELECTOR = YES;
				GCC_WARN_UNINITIALIZED_AUTOS = YES_AGGRESSIVE;
				GCC_WARN_UNUSED_FUNCTION = YES;
				GCC_WARN_UNUSED_VARIABLE = YES;
				IPHONEOS_DEPLOYMENT_TARGET = 12.0;
				MTL_ENABLE_DEBUG_INFO = NO;
				MTL_FAST_MATH = YES;
				SDKROOT = iphoneos;
				SWIFT_COMPILATION_MODE = wholemodule;
				SWIFT_OPTIMIZATION_LEVEL = "-O";
				VALIDATE_PRODUCT = YES;
			};
			name = Release;
		};
		4230D619219E176400DCAE37 /* Debug */ = {
			isa = XCBuildConfiguration;
			baseConfigurationReference = 6035D890D2B15D6BA4D3BAAC /* Pods-PatternProject.debug.xcconfig */;
			buildSettings = {
				ASSETCATALOG_COMPILER_APPICON_NAME = AppIcon;
				CODE_SIGN_STYLE = Automatic;
				INFOPLIST_FILE = PatternProject/Info.plist;
				LD_RUNPATH_SEARCH_PATHS = (
					"$(inherited)",
					"@executable_path/Frameworks",
				);
				PRODUCT_BUNDLE_IDENTIFIER = MAK.PatternProject;
				PRODUCT_NAME = "$(TARGET_NAME)";
				SWIFT_VERSION = 4.2;
				TARGETED_DEVICE_FAMILY = "1,2";
			};
			name = Debug;
		};
		4230D61A219E176400DCAE37 /* Release */ = {
			isa = XCBuildConfiguration;
			baseConfigurationReference = 31EFB082C6893CD5EDB757E9 /* Pods-PatternProject.release.xcconfig */;
			buildSettings = {
				ASSETCATALOG_COMPILER_APPICON_NAME = AppIcon;
				CODE_SIGN_STYLE = Automatic;
				INFOPLIST_FILE = PatternProject/Info.plist;
				LD_RUNPATH_SEARCH_PATHS = (
					"$(inherited)",
					"@executable_path/Frameworks",
				);
				PRODUCT_BUNDLE_IDENTIFIER = MAK.PatternProject;
				PRODUCT_NAME = "$(TARGET_NAME)";
				SWIFT_VERSION = 4.2;
				TARGETED_DEVICE_FAMILY = "1,2";
			};
			name = Release;
		};
/* End XCBuildConfiguration section */

/* Begin XCConfigurationList section */
		4230D601219E176300DCAE37 /* Build configuration list for PBXProject "PatternProject" */ = {
			isa = XCConfigurationList;
			buildConfigurations = (
				4230D616219E176400DCAE37 /* Debug */,
				4230D617219E176400DCAE37 /* Release */,
			);
			defaultConfigurationIsVisible = 0;
			defaultConfigurationName = Release;
		};
		4230D618219E176400DCAE37 /* Build configuration list for PBXNativeTarget "PatternProject" */ = {
			isa = XCConfigurationList;
			buildConfigurations = (
				4230D619219E176400DCAE37 /* Debug */,
				4230D61A219E176400DCAE37 /* Release */,
			);
			defaultConfigurationIsVisible = 0;
			defaultConfigurationName = Release;
		};
/* End XCConfigurationList section */
	};
	rootObject = 4230D5FE219E176300DCAE37 /* Project object */;
}
